// !$*UTF8*$!
{
	archiveVersion = 1;
	classes = {
	};
	objectVersion = 56;
	objects = {

/* Begin PBXBuildFile section */
		BC837E7D2B284779004E0A3D /* FirebaseAnalytics in Frameworks */ = {isa = PBXBuildFile; productRef = BC837E7C2B284779004E0A3D /* FirebaseAnalytics */; };
		BC837E7F2B284779004E0A3D /* FirebaseAnalyticsOnDeviceConversion in Frameworks */ = {isa = PBXBuildFile; productRef = BC837E7E2B284779004E0A3D /* FirebaseAnalyticsOnDeviceConversion */; };
		BC837E812B284779004E0A3D /* FirebaseAnalyticsSwift in Frameworks */ = {isa = PBXBuildFile; productRef = BC837E802B284779004E0A3D /* FirebaseAnalyticsSwift */; };
		BC837E832B284779004E0A3D /* FirebaseAnalyticsWithoutAdIdSupport in Frameworks */ = {isa = PBXBuildFile; productRef = BC837E822B284779004E0A3D /* FirebaseAnalyticsWithoutAdIdSupport */; };
		BC837E852B284779004E0A3D /* FirebaseAppCheck in Frameworks */ = {isa = PBXBuildFile; productRef = BC837E842B284779004E0A3D /* FirebaseAppCheck */; };
		BC837E892B28589D004E0A3D /* SignUpView.swift in Sources */ = {isa = PBXBuildFile; fileRef = BC837E882B28589D004E0A3D /* SignUpView.swift */; };
		BC837E8C2B2858D3004E0A3D /* AuthView.swift in Sources */ = {isa = PBXBuildFile; fileRef = BC837E8B2B2858D3004E0A3D /* AuthView.swift */; };
		BC837E8F2B28628A004E0A3D /* FirebaseAuth in Frameworks */ = {isa = PBXBuildFile; productRef = BC837E8E2B28628A004E0A3D /* FirebaseAuth */; };
		BC837E932B28634B004E0A3D /* UsersContentView.swift in Sources */ = {isa = PBXBuildFile; fileRef = BC837E922B28634B004E0A3D /* UsersContentView.swift */; };
		BC837E962B286380004E0A3D /* TextField.swift in Sources */ = {isa = PBXBuildFile; fileRef = BC837E952B286380004E0A3D /* TextField.swift */; };
		BC837E9A2B2864CE004E0A3D /* GoogleService-Info.plist in Resources */ = {isa = PBXBuildFile; fileRef = BC837E992B2864CE004E0A3D /* GoogleService-Info.plist */; };
		BC837E9E2B28968D004E0A3D /* AdminContentView.swift in Sources */ = {isa = PBXBuildFile; fileRef = BC837E9D2B28968D004E0A3D /* AdminContentView.swift */; };
		BCB05CCD2AFE2721007C2EBC /* LibraryAppApp.swift in Sources */ = {isa = PBXBuildFile; fileRef = BCB05CCC2AFE2721007C2EBC /* LibraryAppApp.swift */; };
		BCB05CCF2AFE2721007C2EBC /* SignInView.swift in Sources */ = {isa = PBXBuildFile; fileRef = BCB05CCE2AFE2721007C2EBC /* SignInView.swift */; };
		BCB05CD12AFE2722007C2EBC /* Assets.xcassets in Resources */ = {isa = PBXBuildFile; fileRef = BCB05CD02AFE2722007C2EBC /* Assets.xcassets */; };
		BCB05CD42AFE2722007C2EBC /* Preview Assets.xcassets in Resources */ = {isa = PBXBuildFile; fileRef = BCB05CD32AFE2722007C2EBC /* Preview Assets.xcassets */; };
		BCF2ACAC2B299FE100C90091 /* SearchBookView.swift in Sources */ = {isa = PBXBuildFile; fileRef = BCF2ACAB2B299FE100C90091 /* SearchBookView.swift */; };
		BCF2ACAE2B29A54700C90091 /* SearchBook.swift in Sources */ = {isa = PBXBuildFile; fileRef = BCF2ACAD2B29A54700C90091 /* SearchBook.swift */; };
		BCF2ACB12B29AFB000C90091 /* BookSerchOptions.swift in Sources */ = {isa = PBXBuildFile; fileRef = BCF2ACB02B29AFB000C90091 /* BookSerchOptions.swift */; };
		BCF2ACB82B29D10F00C90091 /* BooksListUser.swift in Sources */ = {isa = PBXBuildFile; fileRef = BCF2ACB72B29D10F00C90091 /* BooksListUser.swift */; };
		BCF2ACBA2B29D12600C90091 /* UserProfileView.swift in Sources */ = {isa = PBXBuildFile; fileRef = BCF2ACB92B29D12600C90091 /* UserProfileView.swift */; };
		BCF2ACBC2B29D8DE00C90091 /* BookInfo.swift in Sources */ = {isa = PBXBuildFile; fileRef = BCF2ACBB2B29D8DE00C90091 /* BookInfo.swift */; };
		BCF2ACC02B29E45100C90091 /* FirebaseService.swift in Sources */ = {isa = PBXBuildFile; fileRef = BCF2ACBF2B29E45100C90091 /* FirebaseService.swift */; };
		BCF2ACC32B29E49800C90091 /* EditProfileView.swift in Sources */ = {isa = PBXBuildFile; fileRef = BCF2ACC22B29E49800C90091 /* EditProfileView.swift */; };
		BCF2ACC52B29E87900C90091 /* ImagePicker.swift in Sources */ = {isa = PBXBuildFile; fileRef = BCF2ACC42B29E87900C90091 /* ImagePicker.swift */; };
		BCF2ACC82B29F30700C90091 /* User.swift in Sources */ = {isa = PBXBuildFile; fileRef = BCF2ACC72B29F30700C90091 /* User.swift */; };
		BCF2ACCB2B29F46D00C90091 /* DatabaseService.swift in Sources */ = {isa = PBXBuildFile; fileRef = BCF2ACCA2B29F46D00C90091 /* DatabaseService.swift */; };
		BCF2ACCD2B29F4F200C90091 /* FirebaseFirestore in Frameworks */ = {isa = PBXBuildFile; productRef = BCF2ACCC2B29F4F200C90091 /* FirebaseFirestore */; };
		BCF2ACCF2B2A074700C90091 /* ProfileViewModel.swift in Sources */ = {isa = PBXBuildFile; fileRef = BCF2ACCE2B2A074700C90091 /* ProfileViewModel.swift */; };
		BCF2ACD12B2A1DD100C90091 /* BookListAdmin.swift in Sources */ = {isa = PBXBuildFile; fileRef = BCF2ACD02B2A1DD100C90091 /* BookListAdmin.swift */; };
		BCF2ACD32B2A1E5700C90091 /* BookInfoAdmin.swift in Sources */ = {isa = PBXBuildFile; fileRef = BCF2ACD22B2A1E5700C90091 /* BookInfoAdmin.swift */; };
		BCF2ACD72B2A20E500C90091 /* SearchBookViewAdmin.swift in Sources */ = {isa = PBXBuildFile; fileRef = BCF2ACD62B2A20E500C90091 /* SearchBookViewAdmin.swift */; };
		BCF2ACD92B2A21AF00C90091 /* SearchBookAdmin.swift in Sources */ = {isa = PBXBuildFile; fileRef = BCF2ACD82B2A21AF00C90091 /* SearchBookAdmin.swift */; };
		BCF2ACDB2B2A2BB200C90091 /* Book.swift in Sources */ = {isa = PBXBuildFile; fileRef = BCF2ACDA2B2A2BB200C90091 /* Book.swift */; };
		BCF2ACDD2B2A2E5E00C90091 /* AddBookView.swift in Sources */ = {isa = PBXBuildFile; fileRef = BCF2ACDC2B2A2E5E00C90091 /* AddBookView.swift */; };
		BCF2ACDF2B2A344A00C90091 /* ListOfBook.swift in Sources */ = {isa = PBXBuildFile; fileRef = BCF2ACDE2B2A344A00C90091 /* ListOfBook.swift */; };
/* End PBXBuildFile section */

/* Begin PBXFileReference section */
		BC837E882B28589D004E0A3D /* SignUpView.swift */ = {isa = PBXFileReference; lastKnownFileType = sourcecode.swift; path = SignUpView.swift; sourceTree = "<group>"; };
		BC837E8B2B2858D3004E0A3D /* AuthView.swift */ = {isa = PBXFileReference; lastKnownFileType = sourcecode.swift; path = AuthView.swift; sourceTree = "<group>"; };
		BC837E922B28634B004E0A3D /* UsersContentView.swift */ = {isa = PBXFileReference; lastKnownFileType = sourcecode.swift; path = UsersContentView.swift; sourceTree = "<group>"; };
		BC837E952B286380004E0A3D /* TextField.swift */ = {isa = PBXFileReference; lastKnownFileType = sourcecode.swift; path = TextField.swift; sourceTree = "<group>"; };
		BC837E992B2864CE004E0A3D /* GoogleService-Info.plist */ = {isa = PBXFileReference; lastKnownFileType = text.plist; path = "GoogleService-Info.plist"; sourceTree = SOURCE_ROOT; };
		BC837E9D2B28968D004E0A3D /* AdminContentView.swift */ = {isa = PBXFileReference; lastKnownFileType = sourcecode.swift; path = AdminContentView.swift; sourceTree = "<group>"; };
		BCB05CC92AFE2721007C2EBC /* LibraryApp.app */ = {isa = PBXFileReference; explicitFileType = wrapper.application; includeInIndex = 0; path = LibraryApp.app; sourceTree = BUILT_PRODUCTS_DIR; };
		BCB05CCC2AFE2721007C2EBC /* LibraryAppApp.swift */ = {isa = PBXFileReference; lastKnownFileType = sourcecode.swift; path = LibraryAppApp.swift; sourceTree = "<group>"; };
		BCB05CCE2AFE2721007C2EBC /* SignInView.swift */ = {isa = PBXFileReference; lastKnownFileType = sourcecode.swift; path = SignInView.swift; sourceTree = "<group>"; };
		BCB05CD02AFE2722007C2EBC /* Assets.xcassets */ = {isa = PBXFileReference; lastKnownFileType = folder.assetcatalog; path = Assets.xcassets; sourceTree = "<group>"; };
		BCB05CD32AFE2722007C2EBC /* Preview Assets.xcassets */ = {isa = PBXFileReference; lastKnownFileType = folder.assetcatalog; path = "Preview Assets.xcassets"; sourceTree = "<group>"; };
		BCF2ACAB2B299FE100C90091 /* SearchBookView.swift */ = {isa = PBXFileReference; lastKnownFileType = sourcecode.swift; path = SearchBookView.swift; sourceTree = "<group>"; };
		BCF2ACAD2B29A54700C90091 /* SearchBook.swift */ = {isa = PBXFileReference; lastKnownFileType = sourcecode.swift; path = SearchBook.swift; sourceTree = "<group>"; };
		BCF2ACB02B29AFB000C90091 /* BookSerchOptions.swift */ = {isa = PBXFileReference; lastKnownFileType = sourcecode.swift; path = BookSerchOptions.swift; sourceTree = "<group>"; };
		BCF2ACB72B29D10F00C90091 /* BooksListUser.swift */ = {isa = PBXFileReference; lastKnownFileType = sourcecode.swift; path = BooksListUser.swift; sourceTree = "<group>"; };
		BCF2ACB92B29D12600C90091 /* UserProfileView.swift */ = {isa = PBXFileReference; lastKnownFileType = sourcecode.swift; path = UserProfileView.swift; sourceTree = "<group>"; };
		BCF2ACBB2B29D8DE00C90091 /* BookInfo.swift */ = {isa = PBXFileReference; lastKnownFileType = sourcecode.swift; path = BookInfo.swift; sourceTree = "<group>"; };
		BCF2ACBF2B29E45100C90091 /* FirebaseService.swift */ = {isa = PBXFileReference; lastKnownFileType = sourcecode.swift; path = FirebaseService.swift; sourceTree = "<group>"; };
		BCF2ACC22B29E49800C90091 /* EditProfileView.swift */ = {isa = PBXFileReference; lastKnownFileType = sourcecode.swift; path = EditProfileView.swift; sourceTree = "<group>"; };
		BCF2ACC42B29E87900C90091 /* ImagePicker.swift */ = {isa = PBXFileReference; lastKnownFileType = sourcecode.swift; path = ImagePicker.swift; sourceTree = "<group>"; };
		BCF2ACC72B29F30700C90091 /* User.swift */ = {isa = PBXFileReference; lastKnownFileType = sourcecode.swift; path = User.swift; sourceTree = "<group>"; };
		BCF2ACCA2B29F46D00C90091 /* DatabaseService.swift */ = {isa = PBXFileReference; lastKnownFileType = sourcecode.swift; path = DatabaseService.swift; sourceTree = "<group>"; };
		BCF2ACCE2B2A074700C90091 /* ProfileViewModel.swift */ = {isa = PBXFileReference; lastKnownFileType = sourcecode.swift; path = ProfileViewModel.swift; sourceTree = "<group>"; };
		BCF2ACD02B2A1DD100C90091 /* BookListAdmin.swift */ = {isa = PBXFileReference; lastKnownFileType = sourcecode.swift; path = BookListAdmin.swift; sourceTree = "<group>"; };
		BCF2ACD22B2A1E5700C90091 /* BookInfoAdmin.swift */ = {isa = PBXFileReference; lastKnownFileType = sourcecode.swift; path = BookInfoAdmin.swift; sourceTree = "<group>"; };
		BCF2ACD62B2A20E500C90091 /* SearchBookViewAdmin.swift */ = {isa = PBXFileReference; lastKnownFileType = sourcecode.swift; path = SearchBookViewAdmin.swift; sourceTree = "<group>"; };
		BCF2ACD82B2A21AF00C90091 /* SearchBookAdmin.swift */ = {isa = PBXFileReference; lastKnownFileType = sourcecode.swift; path = SearchBookAdmin.swift; sourceTree = "<group>"; };
		BCF2ACDA2B2A2BB200C90091 /* Book.swift */ = {isa = PBXFileReference; lastKnownFileType = sourcecode.swift; path = Book.swift; sourceTree = "<group>"; };
		BCF2ACDC2B2A2E5E00C90091 /* AddBookView.swift */ = {isa = PBXFileReference; lastKnownFileType = sourcecode.swift; path = AddBookView.swift; sourceTree = "<group>"; };
		BCF2ACDE2B2A344A00C90091 /* ListOfBook.swift */ = {isa = PBXFileReference; lastKnownFileType = sourcecode.swift; path = ListOfBook.swift; sourceTree = "<group>"; };
/* End PBXFileReference section */

/* Begin PBXFrameworksBuildPhase section */
		BCB05CC62AFE2721007C2EBC /* Frameworks */ = {
			isa = PBXFrameworksBuildPhase;
			buildActionMask = 2147483647;
			files = (
				BC837E812B284779004E0A3D /* FirebaseAnalyticsSwift in Frameworks */,
				BC837E8F2B28628A004E0A3D /* FirebaseAuth in Frameworks */,
				BC837E7D2B284779004E0A3D /* FirebaseAnalytics in Frameworks */,
				BC837E7F2B284779004E0A3D /* FirebaseAnalyticsOnDeviceConversion in Frameworks */,
				BC837E852B284779004E0A3D /* FirebaseAppCheck in Frameworks */,
				BC837E832B284779004E0A3D /* FirebaseAnalyticsWithoutAdIdSupport in Frameworks */,
				BCF2ACCD2B29F4F200C90091 /* FirebaseFirestore in Frameworks */,
			);
			runOnlyForDeploymentPostprocessing = 0;
		};
/* End PBXFrameworksBuildPhase section */

/* Begin PBXGroup section */
		BC837E8A2B2858B7004E0A3D /* Views */ = {
			isa = PBXGroup;
			children = (
				BCF2ACB62B29D05700C90091 /* Admin */,
				BCF2ACB52B29D04600C90091 /* User */,
				BCF2ACB42B29D02800C90091 /* Auth */,
			);
			path = Views;
			sourceTree = "<group>";
		};
		BC837E8D2B28628A004E0A3D /* Frameworks */ = {
			isa = PBXGroup;
			children = (
			);
			name = Frameworks;
			sourceTree = "<group>";
		};
		BC837E942B286362004E0A3D /* Components */ = {
			isa = PBXGroup;
			children = (
				BC837E952B286380004E0A3D /* TextField.swift */,
			);
			path = Components;
			sourceTree = "<group>";
		};
		BCB05CC02AFE2721007C2EBC = {
			isa = PBXGroup;
			children = (
				BCB05CCB2AFE2721007C2EBC /* LibraryApp */,
				BCB05CCA2AFE2721007C2EBC /* Products */,
				BC837E8D2B28628A004E0A3D /* Frameworks */,
			);
			sourceTree = "<group>";
		};
		BCB05CCA2AFE2721007C2EBC /* Products */ = {
			isa = PBXGroup;
			children = (
				BCB05CC92AFE2721007C2EBC /* LibraryApp.app */,
			);
			name = Products;
			sourceTree = "<group>";
		};
		BCB05CCB2AFE2721007C2EBC /* LibraryApp */ = {
			isa = PBXGroup;
			children = (
				BCB05CCC2AFE2721007C2EBC /* LibraryAppApp.swift */,
				BCF2ACC92B29F45300C90091 /* Services */,
				BCF2ACC62B29F2FD00C90091 /* Model */,
				BC837E8A2B2858B7004E0A3D /* Views */,
				BCB05CD02AFE2722007C2EBC /* Assets.xcassets */,
				BC837E992B2864CE004E0A3D /* GoogleService-Info.plist */,
				BCB05CD22AFE2722007C2EBC /* Preview Content */,
			);
			path = LibraryApp;
			sourceTree = "<group>";
		};
		BCB05CD22AFE2722007C2EBC /* Preview Content */ = {
			isa = PBXGroup;
			children = (
				BCB05CD32AFE2722007C2EBC /* Preview Assets.xcassets */,
			);
			path = "Preview Content";
			sourceTree = "<group>";
		};
		BCF2ACAA2B299FBC00C90091 /* SearchBookView */ = {
			isa = PBXGroup;
			children = (
				BCF2ACAB2B299FE100C90091 /* SearchBookView.swift */,
				BCF2ACAD2B29A54700C90091 /* SearchBook.swift */,
			);
			path = SearchBookView;
			sourceTree = "<group>";
		};
		BCF2ACAF2B29AF9B00C90091 /* Helper */ = {
			isa = PBXGroup;
			children = (
				BCF2ACB02B29AFB000C90091 /* BookSerchOptions.swift */,
				BCF2ACC42B29E87900C90091 /* ImagePicker.swift */,
			);
			path = Helper;
			sourceTree = "<group>";
		};
		BCF2ACB42B29D02800C90091 /* Auth */ = {
			isa = PBXGroup;
			children = (
				BC837E942B286362004E0A3D /* Components */,
				BC837E8B2B2858D3004E0A3D /* AuthView.swift */,
				BCB05CCE2AFE2721007C2EBC /* SignInView.swift */,
				BC837E882B28589D004E0A3D /* SignUpView.swift */,
			);
			path = Auth;
			sourceTree = "<group>";
		};
		BCF2ACB52B29D04600C90091 /* User */ = {
			isa = PBXGroup;
			children = (
				BCF2ACC12B29E47E00C90091 /* UserProfile */,
				BC837E922B28634B004E0A3D /* UsersContentView.swift */,
				BCF2ACAF2B29AF9B00C90091 /* Helper */,
				BCF2ACAA2B299FBC00C90091 /* SearchBookView */,
				BCF2ACB72B29D10F00C90091 /* BooksListUser.swift */,
				BCF2ACBB2B29D8DE00C90091 /* BookInfo.swift */,
			);
			path = User;
			sourceTree = "<group>";
		};
		BCF2ACB62B29D05700C90091 /* Admin */ = {
			isa = PBXGroup;
			children = (
				BC837E9D2B28968D004E0A3D /* AdminContentView.swift */,
				BCF2ACD02B2A1DD100C90091 /* BookListAdmin.swift */,
				BCF2ACD22B2A1E5700C90091 /* BookInfoAdmin.swift */,
				BCF2ACD62B2A20E500C90091 /* SearchBookViewAdmin.swift */,
				BCF2ACD82B2A21AF00C90091 /* SearchBookAdmin.swift */,
				BCF2ACDC2B2A2E5E00C90091 /* AddBookView.swift */,
				BCF2ACDE2B2A344A00C90091 /* ListOfBook.swift */,
			);
			path = Admin;
			sourceTree = "<group>";
		};
		BCF2ACC12B29E47E00C90091 /* UserProfile */ = {
			isa = PBXGroup;
			children = (
				BCF2ACB92B29D12600C90091 /* UserProfileView.swift */,
				BCF2ACC22B29E49800C90091 /* EditProfileView.swift */,
			);
			path = UserProfile;
			sourceTree = "<group>";
		};
		BCF2ACC62B29F2FD00C90091 /* Model */ = {
			isa = PBXGroup;
			children = (
				BCF2ACC72B29F30700C90091 /* User.swift */,
				BCF2ACCE2B2A074700C90091 /* ProfileViewModel.swift */,
				BCF2ACDA2B2A2BB200C90091 /* Book.swift */,
			);
			path = Model;
			sourceTree = "<group>";
		};
		BCF2ACC92B29F45300C90091 /* Services */ = {
			isa = PBXGroup;
			children = (
				BCF2ACBF2B29E45100C90091 /* FirebaseService.swift */,
				BCF2ACCA2B29F46D00C90091 /* DatabaseService.swift */,
			);
			path = Services;
			sourceTree = "<group>";
		};
/* End PBXGroup section */

/* Begin PBXNativeTarget section */
		BCB05CC82AFE2721007C2EBC /* LibraryApp */ = {
			isa = PBXNativeTarget;
			buildConfigurationList = BCB05CD72AFE2722007C2EBC /* Build configuration list for PBXNativeTarget "LibraryApp" */;
			buildPhases = (
				BCB05CC52AFE2721007C2EBC /* Sources */,
				BCB05CC62AFE2721007C2EBC /* Frameworks */,
				BCB05CC72AFE2721007C2EBC /* Resources */,
			);
			buildRules = (
			);
			dependencies = (
			);
			name = LibraryApp;
			packageProductDependencies = (
				BC837E7C2B284779004E0A3D /* FirebaseAnalytics */,
				BC837E7E2B284779004E0A3D /* FirebaseAnalyticsOnDeviceConversion */,
				BC837E802B284779004E0A3D /* FirebaseAnalyticsSwift */,
				BC837E822B284779004E0A3D /* FirebaseAnalyticsWithoutAdIdSupport */,
				BC837E842B284779004E0A3D /* FirebaseAppCheck */,
				BC837E8E2B28628A004E0A3D /* FirebaseAuth */,
				BCF2ACCC2B29F4F200C90091 /* FirebaseFirestore */,
			);
			productName = LibraryApp;
			productReference = BCB05CC92AFE2721007C2EBC /* LibraryApp.app */;
			productType = "com.apple.product-type.application";
		};
/* End PBXNativeTarget section */

/* Begin PBXProject section */
		BCB05CC12AFE2721007C2EBC /* Project object */ = {
			isa = PBXProject;
			attributes = {
				BuildIndependentTargetsInParallel = 1;
				LastSwiftUpdateCheck = 1500;
				LastUpgradeCheck = 1500;
				TargetAttributes = {
					BCB05CC82AFE2721007C2EBC = {
						CreatedOnToolsVersion = 15.0;
					};
				};
			};
			buildConfigurationList = BCB05CC42AFE2721007C2EBC /* Build configuration list for PBXProject "LibraryApp" */;
			compatibilityVersion = "Xcode 14.0";
			developmentRegion = en;
			hasScannedForEncodings = 0;
			knownRegions = (
				en,
				Base,
			);
			mainGroup = BCB05CC02AFE2721007C2EBC;
			packageReferences = (
				BC837E7B2B284779004E0A3D /* XCRemoteSwiftPackageReference "firebase-ios-sdk" */,
			);
			productRefGroup = BCB05CCA2AFE2721007C2EBC /* Products */;
			projectDirPath = "";
			projectRoot = "";
			targets = (
				BCB05CC82AFE2721007C2EBC /* LibraryApp */,
			);
		};
/* End PBXProject section */

/* Begin PBXResourcesBuildPhase section */
		BCB05CC72AFE2721007C2EBC /* Resources */ = {
			isa = PBXResourcesBuildPhase;
			buildActionMask = 2147483647;
			files = (
				BCB05CD42AFE2722007C2EBC /* Preview Assets.xcassets in Resources */,
				BCB05CD12AFE2722007C2EBC /* Assets.xcassets in Resources */,
				BC837E9A2B2864CE004E0A3D /* GoogleService-Info.plist in Resources */,
			);
			runOnlyForDeploymentPostprocessing = 0;
		};
/* End PBXResourcesBuildPhase section */

/* Begin PBXSourcesBuildPhase section */
		BCB05CC52AFE2721007C2EBC /* Sources */ = {
			isa = PBXSourcesBuildPhase;
			buildActionMask = 2147483647;
			files = (
				BCF2ACDF2B2A344A00C90091 /* ListOfBook.swift in Sources */,
				BCB05CCF2AFE2721007C2EBC /* SignInView.swift in Sources */,
				BCF2ACC02B29E45100C90091 /* FirebaseService.swift in Sources */,
				BCF2ACC32B29E49800C90091 /* EditProfileView.swift in Sources */,
				BCF2ACC52B29E87900C90091 /* ImagePicker.swift in Sources */,
				BCF2ACB12B29AFB000C90091 /* BookSerchOptions.swift in Sources */,
				BCF2ACCB2B29F46D00C90091 /* DatabaseService.swift in Sources */,
				BC837E932B28634B004E0A3D /* UsersContentView.swift in Sources */,
				BC837E892B28589D004E0A3D /* SignUpView.swift in Sources */,
				BCF2ACDB2B2A2BB200C90091 /* Book.swift in Sources */,
				BCF2ACD12B2A1DD100C90091 /* BookListAdmin.swift in Sources */,
				BCF2ACBC2B29D8DE00C90091 /* BookInfo.swift in Sources */,
				BCF2ACAC2B299FE100C90091 /* SearchBookView.swift in Sources */,
				BC837E9E2B28968D004E0A3D /* AdminContentView.swift in Sources */,
				BC837E962B286380004E0A3D /* TextField.swift in Sources */,
				BCF2ACDD2B2A2E5E00C90091 /* AddBookView.swift in Sources */,
				BCF2ACB82B29D10F00C90091 /* BooksListUser.swift in Sources */,
				BCF2ACD32B2A1E5700C90091 /* BookInfoAdmin.swift in Sources */,
				BCF2ACD72B2A20E500C90091 /* SearchBookViewAdmin.swift in Sources */,
				BCF2ACAE2B29A54700C90091 /* SearchBook.swift in Sources */,
				BCF2ACCF2B2A074700C90091 /* ProfileViewModel.swift in Sources */,
				BCF2ACC82B29F30700C90091 /* User.swift in Sources */,
				BCF2ACBA2B29D12600C90091 /* UserProfileView.swift in Sources */,
				BC837E8C2B2858D3004E0A3D /* AuthView.swift in Sources */,
				BCF2ACD92B2A21AF00C90091 /* SearchBookAdmin.swift in Sources */,
				BCB05CCD2AFE2721007C2EBC /* LibraryAppApp.swift in Sources */,
			);
			runOnlyForDeploymentPostprocessing = 0;
		};
/* End PBXSourcesBuildPhase section */

/* Begin XCBuildConfiguration section */
		BCB05CD52AFE2722007C2EBC /* Debug */ = {
			isa = XCBuildConfiguration;
			buildSettings = {
				ALWAYS_SEARCH_USER_PATHS = NO;
				ASSETCATALOG_COMPILER_GENERATE_SWIFT_ASSET_SYMBOL_EXTENSIONS = YES;
				CLANG_ANALYZER_NONNULL = YES;
				CLANG_ANALYZER_NUMBER_OBJECT_CONVERSION = YES_AGGRESSIVE;
				CLANG_CXX_LANGUAGE_STANDARD = "gnu++20";
				CLANG_ENABLE_MODULES = YES;
				CLANG_ENABLE_OBJC_ARC = YES;
				CLANG_ENABLE_OBJC_WEAK = YES;
				CLANG_WARN_BLOCK_CAPTURE_AUTORELEASING = YES;
				CLANG_WARN_BOOL_CONVERSION = YES;
				CLANG_WARN_COMMA = YES;
				CLANG_WARN_CONSTANT_CONVERSION = YES;
				CLANG_WARN_DEPRECATED_OBJC_IMPLEMENTATIONS = YES;
				CLANG_WARN_DIRECT_OBJC_ISA_USAGE = YES_ERROR;
				CLANG_WARN_DOCUMENTATION_COMMENTS = YES;
				CLANG_WARN_EMPTY_BODY = YES;
				CLANG_WARN_ENUM_CONVERSION = YES;
				CLANG_WARN_INFINITE_RECURSION = YES;
				CLANG_WARN_INT_CONVERSION = YES;
				CLANG_WARN_NON_LITERAL_NULL_CONVERSION = YES;
				CLANG_WARN_OBJC_IMPLICIT_RETAIN_SELF = YES;
				CLANG_WARN_OBJC_LITERAL_CONVERSION = YES;
				CLANG_WARN_OBJC_ROOT_CLASS = YES_ERROR;
				CLANG_WARN_QUOTED_INCLUDE_IN_FRAMEWORK_HEADER = YES;
				CLANG_WARN_RANGE_LOOP_ANALYSIS = YES;
				CLANG_WARN_STRICT_PROTOTYPES = YES;
				CLANG_WARN_SUSPICIOUS_MOVE = YES;
				CLANG_WARN_UNGUARDED_AVAILABILITY = YES_AGGRESSIVE;
				CLANG_WARN_UNREACHABLE_CODE = YES;
				CLANG_WARN__DUPLICATE_METHOD_MATCH = YES;
				COPY_PHASE_STRIP = NO;
				DEBUG_INFORMATION_FORMAT = dwarf;
				ENABLE_STRICT_OBJC_MSGSEND = YES;
				ENABLE_TESTABILITY = YES;
				ENABLE_USER_SCRIPT_SANDBOXING = YES;
				GCC_C_LANGUAGE_STANDARD = gnu17;
				GCC_DYNAMIC_NO_PIC = NO;
				GCC_NO_COMMON_BLOCKS = YES;
				GCC_OPTIMIZATION_LEVEL = 0;
				GCC_PREPROCESSOR_DEFINITIONS = (
					"DEBUG=1",
					"$(inherited)",
				);
				GCC_WARN_64_TO_32_BIT_CONVERSION = YES;
				GCC_WARN_ABOUT_RETURN_TYPE = YES_ERROR;
				GCC_WARN_UNDECLARED_SELECTOR = YES;
				GCC_WARN_UNINITIALIZED_AUTOS = YES_AGGRESSIVE;
				GCC_WARN_UNUSED_FUNCTION = YES;
				GCC_WARN_UNUSED_VARIABLE = YES;
				IPHONEOS_DEPLOYMENT_TARGET = 17.0;
				LOCALIZATION_PREFERS_STRING_CATALOGS = YES;
				MTL_ENABLE_DEBUG_INFO = INCLUDE_SOURCE;
				MTL_FAST_MATH = YES;
				ONLY_ACTIVE_ARCH = YES;
				SDKROOT = iphoneos;
				SWIFT_ACTIVE_COMPILATION_CONDITIONS = "DEBUG $(inherited)";
				SWIFT_OPTIMIZATION_LEVEL = "-Onone";
			};
			name = Debug;
		};
		BCB05CD62AFE2722007C2EBC /* Release */ = {
			isa = XCBuildConfiguration;
			buildSettings = {
				ALWAYS_SEARCH_USER_PATHS = NO;
				ASSETCATALOG_COMPILER_GENERATE_SWIFT_ASSET_SYMBOL_EXTENSIONS = YES;
				CLANG_ANALYZER_NONNULL = YES;
				CLANG_ANALYZER_NUMBER_OBJECT_CONVERSION = YES_AGGRESSIVE;
				CLANG_CXX_LANGUAGE_STANDARD = "gnu++20";
				CLANG_ENABLE_MODULES = YES;
				CLANG_ENABLE_OBJC_ARC = YES;
				CLANG_ENABLE_OBJC_WEAK = YES;
				CLANG_WARN_BLOCK_CAPTURE_AUTORELEASING = YES;
				CLANG_WARN_BOOL_CONVERSION = YES;
				CLANG_WARN_COMMA = YES;
				CLANG_WARN_CONSTANT_CONVERSION = YES;
				CLANG_WARN_DEPRECATED_OBJC_IMPLEMENTATIONS = YES;
				CLANG_WARN_DIRECT_OBJC_ISA_USAGE = YES_ERROR;
				CLANG_WARN_DOCUMENTATION_COMMENTS = YES;
				CLANG_WARN_EMPTY_BODY = YES;
				CLANG_WARN_ENUM_CONVERSION = YES;
				CLANG_WARN_INFINITE_RECURSION = YES;
				CLANG_WARN_INT_CONVERSION = YES;
				CLANG_WARN_NON_LITERAL_NULL_CONVERSION = YES;
				CLANG_WARN_OBJC_IMPLICIT_RETAIN_SELF = YES;
				CLANG_WARN_OBJC_LITERAL_CONVERSION = YES;
				CLANG_WARN_OBJC_ROOT_CLASS = YES_ERROR;
				CLANG_WARN_QUOTED_INCLUDE_IN_FRAMEWORK_HEADER = YES;
				CLANG_WARN_RANGE_LOOP_ANALYSIS = YES;
				CLANG_WARN_STRICT_PROTOTYPES = YES;
				CLANG_WARN_SUSPICIOUS_MOVE = YES;
				CLANG_WARN_UNGUARDED_AVAILABILITY = YES_AGGRESSIVE;
				CLANG_WARN_UNREACHABLE_CODE = YES;
				CLANG_WARN__DUPLICATE_METHOD_MATCH = YES;
				COPY_PHASE_STRIP = NO;
				DEBUG_INFORMATION_FORMAT = "dwarf-with-dsym";
				ENABLE_NS_ASSERTIONS = NO;
				ENABLE_STRICT_OBJC_MSGSEND = YES;
				ENABLE_USER_SCRIPT_SANDBOXING = YES;
				GCC_C_LANGUAGE_STANDARD = gnu17;
				GCC_NO_COMMON_BLOCKS = YES;
				GCC_WARN_64_TO_32_BIT_CONVERSION = YES;
				GCC_WARN_ABOUT_RETURN_TYPE = YES_ERROR;
				GCC_WARN_UNDECLARED_SELECTOR = YES;
				GCC_WARN_UNINITIALIZED_AUTOS = YES_AGGRESSIVE;
				GCC_WARN_UNUSED_FUNCTION = YES;
				GCC_WARN_UNUSED_VARIABLE = YES;
				IPHONEOS_DEPLOYMENT_TARGET = 17.0;
				LOCALIZATION_PREFERS_STRING_CATALOGS = YES;
				MTL_ENABLE_DEBUG_INFO = NO;
				MTL_FAST_MATH = YES;
				SDKROOT = iphoneos;
				SWIFT_COMPILATION_MODE = wholemodule;
				VALIDATE_PRODUCT = YES;
			};
			name = Release;
		};
		BCB05CD82AFE2722007C2EBC /* Debug */ = {
			isa = XCBuildConfiguration;
			buildSettings = {
				ASSETCATALOG_COMPILER_APPICON_NAME = AppIcon;
				ASSETCATALOG_COMPILER_GLOBAL_ACCENT_COLOR_NAME = AccentColor;
				CODE_SIGN_STYLE = Automatic;
				CURRENT_PROJECT_VERSION = 1;
				DEVELOPMENT_ASSET_PATHS = "\"LibraryApp/Preview Content\"";
				DEVELOPMENT_TEAM = 9JB4X35XU3;
				ENABLE_PREVIEWS = YES;
				GENERATE_INFOPLIST_FILE = YES;
				INFOPLIST_KEY_UIApplicationSceneManifest_Generation = YES;
				INFOPLIST_KEY_UIApplicationSupportsIndirectInputEvents = YES;
				INFOPLIST_KEY_UILaunchScreen_Generation = YES;
				INFOPLIST_KEY_UISupportedInterfaceOrientations_iPad = "UIInterfaceOrientationPortrait UIInterfaceOrientationPortraitUpsideDown UIInterfaceOrientationLandscapeLeft UIInterfaceOrientationLandscapeRight";
				INFOPLIST_KEY_UISupportedInterfaceOrientations_iPhone = "UIInterfaceOrientationPortrait UIInterfaceOrientationLandscapeLeft UIInterfaceOrientationLandscapeRight";
				LD_RUNPATH_SEARCH_PATHS = (
					"$(inherited)",
					"@executable_path/Frameworks",
				);
				MARKETING_VERSION = 1.0;
				PRODUCT_BUNDLE_IDENTIFIER = trpo.LibraryApp;
				PRODUCT_NAME = "$(TARGET_NAME)";
				SWIFT_EMIT_LOC_STRINGS = YES;
				SWIFT_VERSION = 5.0;
				TARGETED_DEVICE_FAMILY = "1,2";
			};
			name = Debug;
		};
		BCB05CD92AFE2722007C2EBC /* Release */ = {
			isa = XCBuildConfiguration;
			buildSettings = {
				ASSETCATALOG_COMPILER_APPICON_NAME = AppIcon;
				ASSETCATALOG_COMPILER_GLOBAL_ACCENT_COLOR_NAME = AccentColor;
				CODE_SIGN_STYLE = Automatic;
				CURRENT_PROJECT_VERSION = 1;
				DEVELOPMENT_ASSET_PATHS = "\"LibraryApp/Preview Content\"";
				DEVELOPMENT_TEAM = 9JB4X35XU3;
				ENABLE_PREVIEWS = YES;
				GENERATE_INFOPLIST_FILE = YES;
				INFOPLIST_KEY_UIApplicationSceneManifest_Generation = YES;
				INFOPLIST_KEY_UIApplicationSupportsIndirectInputEvents = YES;
				INFOPLIST_KEY_UILaunchScreen_Generation = YES;
				INFOPLIST_KEY_UISupportedInterfaceOrientations_iPad = "UIInterfaceOrientationPortrait UIInterfaceOrientationPortraitUpsideDown UIInterfaceOrientationLandscapeLeft UIInterfaceOrientationLandscapeRight";
				INFOPLIST_KEY_UISupportedInterfaceOrientations_iPhone = "UIInterfaceOrientationPortrait UIInterfaceOrientationLandscapeLeft UIInterfaceOrientationLandscapeRight";
				LD_RUNPATH_SEARCH_PATHS = (
					"$(inherited)",
					"@executable_path/Frameworks",
				);
				MARKETING_VERSION = 1.0;
				PRODUCT_BUNDLE_IDENTIFIER = trpo.LibraryApp;
				PRODUCT_NAME = "$(TARGET_NAME)";
				SWIFT_EMIT_LOC_STRINGS = YES;
				SWIFT_VERSION = 5.0;
				TARGETED_DEVICE_FAMILY = "1,2";
			};
			name = Release;
		};
/* End XCBuildConfiguration section */

/* Begin XCConfigurationList section */
		BCB05CC42AFE2721007C2EBC /* Build configuration list for PBXProject "LibraryApp" */ = {
			isa = XCConfigurationList;
			buildConfigurations = (
				BCB05CD52AFE2722007C2EBC /* Debug */,
				BCB05CD62AFE2722007C2EBC /* Release */,
			);
			defaultConfigurationIsVisible = 0;
			defaultConfigurationName = Release;
		};
		BCB05CD72AFE2722007C2EBC /* Build configuration list for PBXNativeTarget "LibraryApp" */ = {
			isa = XCConfigurationList;
			buildConfigurations = (
				BCB05CD82AFE2722007C2EBC /* Debug */,
				BCB05CD92AFE2722007C2EBC /* Release */,
			);
			defaultConfigurationIsVisible = 0;
			defaultConfigurationName = Release;
		};
/* End XCConfigurationList section */

/* Begin XCRemoteSwiftPackageReference section */
		BC837E7B2B284779004E0A3D /* XCRemoteSwiftPackageReference "firebase-ios-sdk" */ = {
			isa = XCRemoteSwiftPackageReference;
			repositoryURL = "https://github.com/firebase/firebase-ios-sdk";
			requirement = {
				kind = upToNextMajorVersion;
				minimumVersion = 10.19.0;
			};
		};
/* End XCRemoteSwiftPackageReference section */

/* Begin XCSwiftPackageProductDependency section */
		BC837E7C2B284779004E0A3D /* FirebaseAnalytics */ = {
			isa = XCSwiftPackageProductDependency;
			package = BC837E7B2B284779004E0A3D /* XCRemoteSwiftPackageReference "firebase-ios-sdk" */;
			productName = FirebaseAnalytics;
		};
		BC837E7E2B284779004E0A3D /* FirebaseAnalyticsOnDeviceConversion */ = {
			isa = XCSwiftPackageProductDependency;
			package = BC837E7B2B284779004E0A3D /* XCRemoteSwiftPackageReference "firebase-ios-sdk" */;
			productName = FirebaseAnalyticsOnDeviceConversion;
		};
		BC837E802B284779004E0A3D /* FirebaseAnalyticsSwift */ = {
			isa = XCSwiftPackageProductDependency;
			package = BC837E7B2B284779004E0A3D /* XCRemoteSwiftPackageReference "firebase-ios-sdk" */;
			productName = FirebaseAnalyticsSwift;
		};
		BC837E822B284779004E0A3D /* FirebaseAnalyticsWithoutAdIdSupport */ = {
			isa = XCSwiftPackageProductDependency;
			package = BC837E7B2B284779004E0A3D /* XCRemoteSwiftPackageReference "firebase-ios-sdk" */;
			productName = FirebaseAnalyticsWithoutAdIdSupport;
		};
		BC837E842B284779004E0A3D /* FirebaseAppCheck */ = {
			isa = XCSwiftPackageProductDependency;
			package = BC837E7B2B284779004E0A3D /* XCRemoteSwiftPackageReference "firebase-ios-sdk" */;
			productName = FirebaseAppCheck;
		};
		BC837E8E2B28628A004E0A3D /* FirebaseAuth */ = {
			isa = XCSwiftPackageProductDependency;
			package = BC837E7B2B284779004E0A3D /* XCRemoteSwiftPackageReference "firebase-ios-sdk" */;
			productName = FirebaseAuth;
		};
		BCF2ACCC2B29F4F200C90091 /* FirebaseFirestore */ = {
			isa = XCSwiftPackageProductDependency;
			package = BC837E7B2B284779004E0A3D /* XCRemoteSwiftPackageReference "firebase-ios-sdk" */;
			productName = FirebaseFirestore;
		};
/* End XCSwiftPackageProductDependency section */
	};
	rootObject = BCB05CC12AFE2721007C2EBC /* Project object */;
}
